
Microsoft Visual Studio Solution File, Format Version 12.00
# Visual Studio Version 16
VisualStudioVersion = 16.0.30114.105
MinimumVisualStudioVersion = 10.0.40219.1
Project("{2150E333-8FDC-42A3-9474-1A3956D46DE8}") = "src", "src", "{CC50FFBC-C15C-44E6-8AD7-F10EB09FD7F4}"
EndProject
Project("{FAE04EC0-301F-11D3-BF4B-00C04F79EFBC}") = "Reda.Domain", "src\Reda.Domain\Reda.Domain.csproj", "{E28B488D-0552-4DC6-B99F-5037F2D0FB43}"
EndProject
Project("{2150E333-8FDC-42A3-9474-1A3956D46DE8}") = "test", "test", "{469CFFB9-B24C-44E1-82BB-16CAD96CEC10}"
EndProject
Project("{FAE04EC0-301F-11D3-BF4B-00C04F79EFBC}") = "Reda.Domain.Tests", "test\Reda.Domain.Tests\Reda.Domain.Tests.csproj", "{23316086-A175-470A-B9F4-3BEF618D214B}"
EndProject
Project("{FAE04EC0-301F-11D3-BF4B-00C04F79EFBC}") = "Reda.Application", "src\Reda.Application\Reda.Application.csproj", "{B6FA8A41-230E-4245-86D1-F3389231E3F5}"
EndProject
Project("{FAE04EC0-301F-11D3-BF4B-00C04F79EFBC}") = "Reda.Application.Tests", "test\Reda.Application.Tests\Reda.Application.Tests.csproj", "{8EA31B9E-6A52-43A3-A93B-4B1E466D53EB}"
EndProject
Project("{FAE04EC0-301F-11D3-BF4B-00C04F79EFBC}") = "Reda.Api", "src\Reda.Api\Reda.Api.csproj", "{E912FECF-0567-46D4-AF24-6C3479E0CC5E}"
EndProject
Project("{FAE04EC0-301F-11D3-BF4B-00C04F79EFBC}") = "Reda.DataAccess", "src\Reda.DataAccess\Reda.DataAccess.csproj", "{B5E34F4E-88E1-424C-8CFE-E2499E1D2C03}"
EndProject
Project("{2150E333-8FDC-42A3-9474-1A3956D46DE8}") = "solution-items", "solution-items", "{DCCB1012-E6FA-44DE-A3E8-59153C93D6F4}"
	ProjectSection(SolutionItems) = preProject
		.config\dotnet-tools.json = .config\dotnet-tools.json
		.editorconfig = .editorconfig
		.gitignore = .gitignore
		Directory.Build.props = Directory.Build.props
		Directory.Build.targets = Directory.Build.targets
		global.json = global.json
		nuget.config = nuget.config
		README.md = README.md
		src\Reda.Api\Dockerfile = src\Reda.Api\Dockerfile
	EndProjectSection
EndProject
Global
	GlobalSection(SolutionConfigurationPlatforms) = preSolution
		Debug|Any CPU = Debug|Any CPU
		Release|Any CPU = Release|Any CPU
	EndGlobalSection
	GlobalSection(SolutionProperties) = preSolution
		HideSolutionNode = FALSE
	EndGlobalSection
	GlobalSection(ProjectConfigurationPlatforms) = postSolution
		{E28B488D-0552-4DC6-B99F-5037F2D0FB43}.Debug|Any CPU.ActiveCfg = Debug|Any CPU
		{E28B488D-0552-4DC6-B99F-5037F2D0FB43}.Debug|Any CPU.Build.0 = Debug|Any CPU
		{E28B488D-0552-4DC6-B99F-5037F2D0FB43}.Release|Any CPU.ActiveCfg = Release|Any CPU
		{E28B488D-0552-4DC6-B99F-5037F2D0FB43}.Release|Any CPU.Build.0 = Release|Any CPU
		{23316086-A175-470A-B9F4-3BEF618D214B}.Debug|Any CPU.ActiveCfg = Debug|Any CPU
		{23316086-A175-470A-B9F4-3BEF618D214B}.Debug|Any CPU.Build.0 = Debug|Any CPU
		{23316086-A175-470A-B9F4-3BEF618D214B}.Release|Any CPU.ActiveCfg = Release|Any CPU
		{23316086-A175-470A-B9F4-3BEF618D214B}.Release|Any CPU.Build.0 = Release|Any CPU
		{B6FA8A41-230E-4245-86D1-F3389231E3F5}.Debug|Any CPU.ActiveCfg = Debug|Any CPU
		{B6FA8A41-230E-4245-86D1-F3389231E3F5}.Debug|Any CPU.Build.0 = Debug|Any CPU
		{B6FA8A41-230E-4245-86D1-F3389231E3F5}.Release|Any CPU.ActiveCfg = Release|Any CPU
		{B6FA8A41-230E-4245-86D1-F3389231E3F5}.Release|Any CPU.Build.0 = Release|Any CPU
		{8EA31B9E-6A52-43A3-A93B-4B1E466D53EB}.Debug|Any CPU.ActiveCfg = Debug|Any CPU
		{8EA31B9E-6A52-43A3-A93B-4B1E466D53EB}.Debug|Any CPU.Build.0 = Debug|Any CPU
		{8EA31B9E-6A52-43A3-A93B-4B1E466D53EB}.Release|Any CPU.ActiveCfg = Release|Any CPU
		{8EA31B9E-6A52-43A3-A93B-4B1E466D53EB}.Release|Any CPU.Build.0 = Release|Any CPU
		{E912FECF-0567-46D4-AF24-6C3479E0CC5E}.Debug|Any CPU.ActiveCfg = Debug|Any CPU
		{E912FECF-0567-46D4-AF24-6C3479E0CC5E}.Debug|Any CPU.Build.0 = Debug|Any CPU
		{E912FECF-0567-46D4-AF24-6C3479E0CC5E}.Release|Any CPU.ActiveCfg = Release|Any CPU
		{E912FECF-0567-46D4-AF24-6C3479E0CC5E}.Release|Any CPU.Build.0 = Release|Any CPU
		{B5E34F4E-88E1-424C-8CFE-E2499E1D2C03}.Debug|Any CPU.ActiveCfg = Debug|Any CPU
		{B5E34F4E-88E1-424C-8CFE-E2499E1D2C03}.Debug|Any CPU.Build.0 = Debug|Any CPU
		{B5E34F4E-88E1-424C-8CFE-E2499E1D2C03}.Release|Any CPU.ActiveCfg = Release|Any CPU
		{B5E34F4E-88E1-424C-8CFE-E2499E1D2C03}.Release|Any CPU.Build.0 = Release|Any CPU
	EndGlobalSection
	GlobalSection(NestedProjects) = preSolution
		{E28B488D-0552-4DC6-B99F-5037F2D0FB43} = {CC50FFBC-C15C-44E6-8AD7-F10EB09FD7F4}
		{23316086-A175-470A-B9F4-3BEF618D214B} = {469CFFB9-B24C-44E1-82BB-16CAD96CEC10}
		{B6FA8A41-230E-4245-86D1-F3389231E3F5} = {CC50FFBC-C15C-44E6-8AD7-F10EB09FD7F4}
		{8EA31B9E-6A52-43A3-A93B-4B1E466D53EB} = {469CFFB9-B24C-44E1-82BB-16CAD96CEC10}
		{E912FECF-0567-46D4-AF24-6C3479E0CC5E} = {CC50FFBC-C15C-44E6-8AD7-F10EB09FD7F4}
		{B5E34F4E-88E1-424C-8CFE-E2499E1D2C03} = {CC50FFBC-C15C-44E6-8AD7-F10EB09FD7F4}
	EndGlobalSection
EndGlobal
